
Microsoft Visual Studio Solution File, Format Version 12.00
# Visual Studio Version 17
VisualStudioVersion = 17.1.32407.343
MinimumVisualStudioVersion = 10.0.40219.1
Project("{2150E333-8FDC-42A3-9474-1A3956D46DE8}") = ".nuget", ".nuget", "{2A40F79D-FCF4-4264-9334-906F8099F5DD}"
	ProjectSection(SolutionItems) = preProject
		.nuget\NuGet.Config = .nuget\NuGet.Config
		.nuget\NuGet.exe = .nuget\NuGet.exe
		.nuget\NuGet.targets = .nuget\NuGet.targets
		.nuget\Package.ico = .nuget\Package.ico
		.nuget\Package.png = .nuget\Package.png
		.nuget\TheMovieDB.nuspec = .nuget\TheMovieDB.nuspec
	EndProjectSection
EndProject
Project("{FAE04EC0-301F-11D3-BF4B-00C04F79EFBC}") = "Net.TMDb.Standard", "Net.TMDb.Standard\Net.TMDb.Standard.csproj", "{9CBFA74E-BBCB-4874-A2A1-94A6E2655846}"
EndProject
Project("{FAE04EC0-301F-11D3-BF4B-00C04F79EFBC}") = "Net.TMDb.Standard.TestUI", "Net.TMDb.Standard.TestUI\Net.TMDb.Standard.TestUI.csproj", "{41802D73-02C5-49A3-ADEE-CBDEB5CE9E1E}"
EndProject
Global
	GlobalSection(SolutionConfigurationPlatforms) = preSolution
		Debug|Any CPU = Debug|Any CPU
		Release|Any CPU = Release|Any CPU
	EndGlobalSection
	GlobalSection(ProjectConfigurationPlatforms) = postSolution
		{9CBFA74E-BBCB-4874-A2A1-94A6E2655846}.Debug|Any CPU.ActiveCfg = Debug|Any CPU
		{9CBFA74E-BBCB-4874-A2A1-94A6E2655846}.Debug|Any CPU.Build.0 = Debug|Any CPU
		{9CBFA74E-BBCB-4874-A2A1-94A6E2655846}.Release|Any CPU.ActiveCfg = Release|Any CPU
		{9CBFA74E-BBCB-4874-A2A1-94A6E2655846}.Release|Any CPU.Build.0 = Release|Any CPU
		{41802D73-02C5-49A3-ADEE-CBDEB5CE9E1E}.Debug|Any CPU.ActiveCfg = Debug|Any CPU
		{41802D73-02C5-49A3-ADEE-CBDEB5CE9E1E}.Debug|Any CPU.Build.0 = Debug|Any CPU
		{41802D73-02C5-49A3-ADEE-CBDEB5CE9E1E}.Release|Any CPU.ActiveCfg = Release|Any CPU
		{41802D73-02C5-49A3-ADEE-CBDEB5CE9E1E}.Release|Any CPU.Build.0 = Release|Any CPU
	EndGlobalSection
	GlobalSection(SolutionProperties) = preSolution
		HideSolutionNode = FALSE
	EndGlobalSection
	GlobalSection(ExtensibilityGlobals) = postSolution
		SolutionGuid = {3D283AAB-7F69-4172-B9AE-14161DBFBBF7}
	EndGlobalSection
EndGlobal
